
Microsoft Visual Studio Solution File, Format Version 12.00
# Visual Studio Version 17
VisualStudioVersion = 17.7.34024.191
MinimumVisualStudioVersion = 10.0.40219.1
Project("{FAE04EC0-301F-11D3-BF4B-00C04F79EFBC}") = "Class_Fraction", "Class_Fraction.csproj", "{C2A62F7A-D721-4D93-A2B6-B97A8C18AF43}"
EndProject
Global
	GlobalSection(SolutionConfigurationPlatforms) = preSolution
		Debug|Any CPU = Debug|Any CPU
		Release|Any CPU = Release|Any CPU
	EndGlobalSection
	GlobalSection(ProjectConfigurationPlatforms) = postSolution
		{C2A62F7A-D721-4D93-A2B6-B97A8C18AF43}.Debug|Any CPU.ActiveCfg = Debug|Any CPU
		{C2A62F7A-D721-4D93-A2B6-B97A8C18AF43}.Debug|Any CPU.Build.0 = Debug|Any CPU
		{C2A62F7A-D721-4D93-A2B6-B97A8C18AF43}.Release|Any CPU.ActiveCfg = Release|Any CPU
		{C2A62F7A-D721-4D93-A2B6-B97A8C18AF43}.Release|Any CPU.Build.0 = Release|Any CPU
	EndGlobalSection
	GlobalSection(SolutionProperties) = preSolution
		HideSolutionNode = FALSE
	EndGlobalSection
	GlobalSection(ExtensibilityGlobals) = postSolution
		SolutionGuid = {52F60ECC-0E36-4962-8723-DA9310CE4CAF}
	EndGlobalSection
EndGlobal
